Microsoft Visual Studio Solution File, Format Version 11.00
# Visual Studio 2008

Project("{89B47CD7-94E1-A2EF-77B2-BEB06F2445F1}") = "Coin-Up", "Assembly-CSharp.csproj", "{57002889-FE51-23D6-502E-B7A079ADC1FF}"
EndProject
Global
	GlobalSection(SolutionConfigurationPlatforms) = preSolution
		Debug|Any CPU = Debug|Any CPU
		Release|Any CPU = Release|Any CPU
	EndGlobalSection
	GlobalSection(ProjectConfigurationPlatforms) = postSolution
		{57002889-FE51-23D6-502E-B7A079ADC1FF}.Debug|Any CPU.ActiveCfg = Debug|Any CPU
		{57002889-FE51-23D6-502E-B7A079ADC1FF}.Debug|Any CPU.Build.0 = Debug|Any CPU
		{57002889-FE51-23D6-502E-B7A079ADC1FF}.Release|Any CPU.ActiveCfg = Release|Any CPU
		{57002889-FE51-23D6-502E-B7A079ADC1FF}.Release|Any CPU.Build.0 = Release|Any CPU
	EndGlobalSection
	GlobalSection(SolutionProperties) = preSolution
		HideSolutionNode = FALSE
	EndGlobalSection
	GlobalSection(MonoDevelopProperties) = preSolution
		StartupItem = Assembly-CSharp.csproj
	EndGlobalSection
EndGlobal
